// !$*UTF8*$!
{
	archiveVersion = 1;
	classes = {
	};
	objectVersion = 56;
	objects = {

/* Begin PBXBuildFile section */
		522235EA2BE3A8890016AA69 /* Finance.swift in Sources */ = {isa = PBXBuildFile; fileRef = 522235E92BE3A8890016AA69 /* Finance.swift */; };
		522235EC2BE3AFD80016AA69 /* CardCategoryList.swift in Sources */ = {isa = PBXBuildFile; fileRef = 522235EB2BE3AFD80016AA69 /* CardCategoryList.swift */; };
		522235EE2BE3FB3A0016AA69 /* MotionAnimationBackground.swift in Sources */ = {isa = PBXBuildFile; fileRef = 522235ED2BE3FB3A0016AA69 /* MotionAnimationBackground.swift */; };
		522235F62BE4A2E90016AA69 /* InputExpenseView.swift in Sources */ = {isa = PBXBuildFile; fileRef = 522235F52BE4A2E90016AA69 /* InputExpenseView.swift */; };
		522235F92BE4A3540016AA69 /* data.json in Resources */ = {isa = PBXBuildFile; fileRef = 522235F82BE4A3540016AA69 /* data.json */; };
		522235FC2BE4A5570016AA69 /* Bundle+Ext.swift in Sources */ = {isa = PBXBuildFile; fileRef = 522235FB2BE4A5570016AA69 /* Bundle+Ext.swift */; };
		522235FE2BE4A6720016AA69 /* Budget.swift in Sources */ = {isa = PBXBuildFile; fileRef = 522235FD2BE4A6720016AA69 /* Budget.swift */; };
		522236022BE4B19E0016AA69 /* RestCard.swift in Sources */ = {isa = PBXBuildFile; fileRef = 522236012BE4B19E0016AA69 /* RestCard.swift */; };
		522236042BE4BC660016AA69 /* ChartView.swift in Sources */ = {isa = PBXBuildFile; fileRef = 522236032BE4BC660016AA69 /* ChartView.swift */; };
		524D04C02BE3367D00F16F84 /* TeenFinanceApp.swift in Sources */ = {isa = PBXBuildFile; fileRef = 524D04BF2BE3367D00F16F84 /* TeenFinanceApp.swift */; };
		524D04C22BE3367D00F16F84 /* ContentView.swift in Sources */ = {isa = PBXBuildFile; fileRef = 524D04C12BE3367D00F16F84 /* ContentView.swift */; };
		524D04C42BE3367E00F16F84 /* Assets.xcassets in Resources */ = {isa = PBXBuildFile; fileRef = 524D04C32BE3367E00F16F84 /* Assets.xcassets */; };
		524D04C72BE3367E00F16F84 /* Preview Assets.xcassets in Resources */ = {isa = PBXBuildFile; fileRef = 524D04C62BE3367E00F16F84 /* Preview Assets.xcassets */; };
		524D04D22BE336FC00F16F84 /* GoogleGenerativeAI in Frameworks */ = {isa = PBXBuildFile; productRef = 524D04D12BE336FC00F16F84 /* GoogleGenerativeAI */; };
		524D04D52BE33B7600F16F84 /* Inputview.swift in Sources */ = {isa = PBXBuildFile; fileRef = 524D04D42BE33B7600F16F84 /* Inputview.swift */; };
		524D04DB2BE33EEA00F16F84 /* FirebaseRemoteConfig in Frameworks */ = {isa = PBXBuildFile; productRef = 524D04DA2BE33EEA00F16F84 /* FirebaseRemoteConfig */; };
		524D04DD2BE33EEA00F16F84 /* FirebaseRemoteConfigSwift in Frameworks */ = {isa = PBXBuildFile; productRef = 524D04DC2BE33EEA00F16F84 /* FirebaseRemoteConfigSwift */; };
		524D04DF2BE3433C00F16F84 /* FinanceModel.swift in Sources */ = {isa = PBXBuildFile; fileRef = 524D04DE2BE3433C00F16F84 /* FinanceModel.swift */; };
		524D04E12BE3435B00F16F84 /* Constant.swift in Sources */ = {isa = PBXBuildFile; fileRef = 524D04E02BE3435B00F16F84 /* Constant.swift */; };
		524D04E32BE34C2500F16F84 /* FinanceViewModel.swift in Sources */ = {isa = PBXBuildFile; fileRef = 524D04E22BE34C2500F16F84 /* FinanceViewModel.swift */; };
		524D04E52BE36C2C00F16F84 /* GoogleService-Info.plist in Resources */ = {isa = PBXBuildFile; fileRef = 524D04E42BE36C2C00F16F84 /* GoogleService-Info.plist */; };
		524D04E72BE36D0100F16F84 /* RemoteConfigService.swift in Sources */ = {isa = PBXBuildFile; fileRef = 524D04E62BE36D0100F16F84 /* RemoteConfigService.swift */; };
		524D04E92BE37A6300F16F84 /* CardCategory.swift in Sources */ = {isa = PBXBuildFile; fileRef = 524D04E82BE37A6300F16F84 /* CardCategory.swift */; };
/* End PBXBuildFile section */

/* Begin PBXFileReference section */
		522235E92BE3A8890016AA69 /* Finance.swift */ = {isa = PBXFileReference; lastKnownFileType = sourcecode.swift; path = Finance.swift; sourceTree = "<group>"; };
		522235EB2BE3AFD80016AA69 /* CardCategoryList.swift */ = {isa = PBXFileReference; lastKnownFileType = sourcecode.swift; path = CardCategoryList.swift; sourceTree = "<group>"; };
		522235ED2BE3FB3A0016AA69 /* MotionAnimationBackground.swift */ = {isa = PBXFileReference; lastKnownFileType = sourcecode.swift; path = MotionAnimationBackground.swift; sourceTree = "<group>"; };
		522235F52BE4A2E90016AA69 /* InputExpenseView.swift */ = {isa = PBXFileReference; lastKnownFileType = sourcecode.swift; path = InputExpenseView.swift; sourceTree = "<group>"; };
		522235F82BE4A3540016AA69 /* data.json */ = {isa = PBXFileReference; lastKnownFileType = text.json; path = data.json; sourceTree = "<group>"; };
		522235FB2BE4A5570016AA69 /* Bundle+Ext.swift */ = {isa = PBXFileReference; lastKnownFileType = sourcecode.swift; path = "Bundle+Ext.swift"; sourceTree = "<group>"; };
		522235FD2BE4A6720016AA69 /* Budget.swift */ = {isa = PBXFileReference; lastKnownFileType = sourcecode.swift; path = Budget.swift; sourceTree = "<group>"; };
		522236012BE4B19E0016AA69 /* RestCard.swift */ = {isa = PBXFileReference; lastKnownFileType = sourcecode.swift; path = RestCard.swift; sourceTree = "<group>"; };
		522236032BE4BC660016AA69 /* ChartView.swift */ = {isa = PBXFileReference; lastKnownFileType = sourcecode.swift; path = ChartView.swift; sourceTree = "<group>"; };
		524D04BC2BE3367D00F16F84 /* TeenFinance.app */ = {isa = PBXFileReference; explicitFileType = wrapper.application; includeInIndex = 0; path = TeenFinance.app; sourceTree = BUILT_PRODUCTS_DIR; };
		524D04BF2BE3367D00F16F84 /* TeenFinanceApp.swift */ = {isa = PBXFileReference; lastKnownFileType = sourcecode.swift; path = TeenFinanceApp.swift; sourceTree = "<group>"; };
		524D04C12BE3367D00F16F84 /* ContentView.swift */ = {isa = PBXFileReference; lastKnownFileType = sourcecode.swift; path = ContentView.swift; sourceTree = "<group>"; };
		524D04C32BE3367E00F16F84 /* Assets.xcassets */ = {isa = PBXFileReference; lastKnownFileType = folder.assetcatalog; path = Assets.xcassets; sourceTree = "<group>"; };
		524D04C62BE3367E00F16F84 /* Preview Assets.xcassets */ = {isa = PBXFileReference; lastKnownFileType = folder.assetcatalog; path = "Preview Assets.xcassets"; sourceTree = "<group>"; };
		524D04D42BE33B7600F16F84 /* Inputview.swift */ = {isa = PBXFileReference; lastKnownFileType = sourcecode.swift; path = Inputview.swift; sourceTree = "<group>"; };
		524D04DE2BE3433C00F16F84 /* FinanceModel.swift */ = {isa = PBXFileReference; lastKnownFileType = sourcecode.swift; path = FinanceModel.swift; sourceTree = "<group>"; };
		524D04E02BE3435B00F16F84 /* Constant.swift */ = {isa = PBXFileReference; lastKnownFileType = sourcecode.swift; path = Constant.swift; sourceTree = "<group>"; };
		524D04E22BE34C2500F16F84 /* FinanceViewModel.swift */ = {isa = PBXFileReference; lastKnownFileType = sourcecode.swift; path = FinanceViewModel.swift; sourceTree = "<group>"; };
		524D04E42BE36C2C00F16F84 /* GoogleService-Info.plist */ = {isa = PBXFileReference; fileEncoding = 4; lastKnownFileType = text.plist.xml; path = "GoogleService-Info.plist"; sourceTree = "<group>"; };
		524D04E62BE36D0100F16F84 /* RemoteConfigService.swift */ = {isa = PBXFileReference; lastKnownFileType = sourcecode.swift; path = RemoteConfigService.swift; sourceTree = "<group>"; };
		524D04E82BE37A6300F16F84 /* CardCategory.swift */ = {isa = PBXFileReference; lastKnownFileType = sourcecode.swift; path = CardCategory.swift; sourceTree = "<group>"; };
/* End PBXFileReference section */

/* Begin PBXFrameworksBuildPhase section */
		524D04B92BE3367D00F16F84 /* Frameworks */ = {
			isa = PBXFrameworksBuildPhase;
			buildActionMask = 2147483647;
			files = (
				524D04DD2BE33EEA00F16F84 /* FirebaseRemoteConfigSwift in Frameworks */,
				524D04D22BE336FC00F16F84 /* GoogleGenerativeAI in Frameworks */,
				524D04DB2BE33EEA00F16F84 /* FirebaseRemoteConfig in Frameworks */,
			);
			runOnlyForDeploymentPostprocessing = 0;
		};
/* End PBXFrameworksBuildPhase section */

/* Begin PBXGroup section */
		522235F72BE4A2F20016AA69 /* Data */ = {
			isa = PBXGroup;
			children = (
				522235F82BE4A3540016AA69 /* data.json */,
			);
			path = Data;
			sourceTree = "<group>";
		};
		522235FA2BE4A52A0016AA69 /* Extensions */ = {
			isa = PBXGroup;
			children = (
				522235FB2BE4A5570016AA69 /* Bundle+Ext.swift */,
			);
			path = Extensions;
			sourceTree = "<group>";
		};
		524D04B32BE3367D00F16F84 = {
			isa = PBXGroup;
			children = (
				524D04BE2BE3367D00F16F84 /* TeenFinance */,
				524D04BD2BE3367D00F16F84 /* Products */,
			);
			sourceTree = "<group>";
		};
		524D04BD2BE3367D00F16F84 /* Products */ = {
			isa = PBXGroup;
			children = (
				524D04BC2BE3367D00F16F84 /* TeenFinance.app */,
			);
			name = Products;
			sourceTree = "<group>";
		};
		524D04BE2BE3367D00F16F84 /* TeenFinance */ = {
			isa = PBXGroup;
			children = (
				522235FA2BE4A52A0016AA69 /* Extensions */,
				524D04E42BE36C2C00F16F84 /* GoogleService-Info.plist */,
				524D04D82BE33C7F00F16F84 /* Model */,
				524D04D72BE33C3100F16F84 /* ViewModel */,
				524D04D62BE33C1800F16F84 /* Config */,
				524D04CD2BE3368400F16F84 /* App */,
				524D04CE2BE3368C00F16F84 /* View */,
				524D04CF2BE336A900F16F84 /* Resources */,
				524D04C52BE3367E00F16F84 /* Preview Content */,
			);
			path = TeenFinance;
			sourceTree = "<group>";
		};
		524D04C52BE3367E00F16F84 /* Preview Content */ = {
			isa = PBXGroup;
			children = (
				524D04C62BE3367E00F16F84 /* Preview Assets.xcassets */,
			);
			path = "Preview Content";
			sourceTree = "<group>";
		};
		524D04CD2BE3368400F16F84 /* App */ = {
			isa = PBXGroup;
			children = (
				524D04BF2BE3367D00F16F84 /* TeenFinanceApp.swift */,
			);
			path = App;
			sourceTree = "<group>";
		};
		524D04CE2BE3368C00F16F84 /* View */ = {
			isa = PBXGroup;
			children = (
				524D04D32BE33B1500F16F84 /* Component */,
				524D04C12BE3367D00F16F84 /* ContentView.swift */,
			);
			path = View;
			sourceTree = "<group>";
		};
		524D04CF2BE336A900F16F84 /* Resources */ = {
			isa = PBXGroup;
			children = (
				522235F72BE4A2F20016AA69 /* Data */,
				524D04C32BE3367E00F16F84 /* Assets.xcassets */,
			);
			path = Resources;
			sourceTree = "<group>";
		};
		524D04D32BE33B1500F16F84 /* Component */ = {
			isa = PBXGroup;
			children = (
				524D04D42BE33B7600F16F84 /* Inputview.swift */,
				524D04E82BE37A6300F16F84 /* CardCategory.swift */,
				522235EB2BE3AFD80016AA69 /* CardCategoryList.swift */,
				522235ED2BE3FB3A0016AA69 /* MotionAnimationBackground.swift */,
				522235F52BE4A2E90016AA69 /* InputExpenseView.swift */,
				522236012BE4B19E0016AA69 /* RestCard.swift */,
				522236032BE4BC660016AA69 /* ChartView.swift */,
			);
			path = Component;
			sourceTree = "<group>";
		};
		524D04D62BE33C1800F16F84 /* Config */ = {
			isa = PBXGroup;
			children = (
				524D04E62BE36D0100F16F84 /* RemoteConfigService.swift */,
			);
			path = Config;
			sourceTree = "<group>";
		};
		524D04D72BE33C3100F16F84 /* ViewModel */ = {
			isa = PBXGroup;
			children = (
				524D04E22BE34C2500F16F84 /* FinanceViewModel.swift */,
			);
			path = ViewModel;
			sourceTree = "<group>";
		};
		524D04D82BE33C7F00F16F84 /* Model */ = {
			isa = PBXGroup;
			children = (
				524D04DE2BE3433C00F16F84 /* FinanceModel.swift */,
				524D04E02BE3435B00F16F84 /* Constant.swift */,
				522235E92BE3A8890016AA69 /* Finance.swift */,
				522235FD2BE4A6720016AA69 /* Budget.swift */,
			);
			path = Model;
			sourceTree = "<group>";
		};
/* End PBXGroup section */

/* Begin PBXNativeTarget section */
		524D04BB2BE3367D00F16F84 /* TeenFinance */ = {
			isa = PBXNativeTarget;
			buildConfigurationList = 524D04CA2BE3367E00F16F84 /* Build configuration list for PBXNativeTarget "TeenFinance" */;
			buildPhases = (
				524D04B82BE3367D00F16F84 /* Sources */,
				524D04B92BE3367D00F16F84 /* Frameworks */,
				524D04BA2BE3367D00F16F84 /* Resources */,
			);
			buildRules = (
			);
			dependencies = (
			);
			name = TeenFinance;
			packageProductDependencies = (
				524D04D12BE336FC00F16F84 /* GoogleGenerativeAI */,
				524D04DA2BE33EEA00F16F84 /* FirebaseRemoteConfig */,
				524D04DC2BE33EEA00F16F84 /* FirebaseRemoteConfigSwift */,
			);
			productName = TeenFinance;
			productReference = 524D04BC2BE3367D00F16F84 /* TeenFinance.app */;
			productType = "com.apple.product-type.application";
		};
/* End PBXNativeTarget section */

/* Begin PBXProject section */
		524D04B42BE3367D00F16F84 /* Project object */ = {
			isa = PBXProject;
			attributes = {
				BuildIndependentTargetsInParallel = 1;
				LastSwiftUpdateCheck = 1530;
				LastUpgradeCheck = 1530;
				TargetAttributes = {
					524D04BB2BE3367D00F16F84 = {
						CreatedOnToolsVersion = 15.3;
					};
				};
			};
			buildConfigurationList = 524D04B72BE3367D00F16F84 /* Build configuration list for PBXProject "TeenFinance" */;
			compatibilityVersion = "Xcode 14.0";
			developmentRegion = en;
			hasScannedForEncodings = 0;
			knownRegions = (
				en,
				Base,
			);
			mainGroup = 524D04B32BE3367D00F16F84;
			packageReferences = (
				524D04D02BE336FC00F16F84 /* XCRemoteSwiftPackageReference "generative-ai-swift" */,
				524D04D92BE33EEA00F16F84 /* XCRemoteSwiftPackageReference "firebase-ios-sdk" */,
			);
			productRefGroup = 524D04BD2BE3367D00F16F84 /* Products */;
			projectDirPath = "";
			projectRoot = "";
			targets = (
				524D04BB2BE3367D00F16F84 /* TeenFinance */,
			);
		};
/* End PBXProject section */

/* Begin PBXResourcesBuildPhase section */
		524D04BA2BE3367D00F16F84 /* Resources */ = {
			isa = PBXResourcesBuildPhase;
			buildActionMask = 2147483647;
			files = (
				524D04C72BE3367E00F16F84 /* Preview Assets.xcassets in Resources */,
				524D04E52BE36C2C00F16F84 /* GoogleService-Info.plist in Resources */,
				524D04C42BE3367E00F16F84 /* Assets.xcassets in Resources */,
				522235F92BE4A3540016AA69 /* data.json in Resources */,
			);
			runOnlyForDeploymentPostprocessing = 0;
		};
/* End PBXResourcesBuildPhase section */

/* Begin PBXSourcesBuildPhase section */
		524D04B82BE3367D00F16F84 /* Sources */ = {
			isa = PBXSourcesBuildPhase;
			buildActionMask = 2147483647;
			files = (
				524D04D52BE33B7600F16F84 /* Inputview.swift in Sources */,
				522236022BE4B19E0016AA69 /* RestCard.swift in Sources */,
				524D04C22BE3367D00F16F84 /* ContentView.swift in Sources */,
				522235FE2BE4A6720016AA69 /* Budget.swift in Sources */,
				524D04E12BE3435B00F16F84 /* Constant.swift in Sources */,
				524D04DF2BE3433C00F16F84 /* FinanceModel.swift in Sources */,
				522235F62BE4A2E90016AA69 /* InputExpenseView.swift in Sources */,
				522236042BE4BC660016AA69 /* ChartView.swift in Sources */,
				524D04C02BE3367D00F16F84 /* TeenFinanceApp.swift in Sources */,
				524D04E92BE37A6300F16F84 /* CardCategory.swift in Sources */,
				524D04E32BE34C2500F16F84 /* FinanceViewModel.swift in Sources */,
				522235EC2BE3AFD80016AA69 /* CardCategoryList.swift in Sources */,
				522235EA2BE3A8890016AA69 /* Finance.swift in Sources */,
				522235FC2BE4A5570016AA69 /* Bundle+Ext.swift in Sources */,
				522235EE2BE3FB3A0016AA69 /* MotionAnimationBackground.swift in Sources */,
				524D04E72BE36D0100F16F84 /* RemoteConfigService.swift in Sources */,
			);
			runOnlyForDeploymentPostprocessing = 0;
		};
/* End PBXSourcesBuildPhase section */

/* Begin XCBuildConfiguration section */
		524D04C82BE3367E00F16F84 /* Debug */ = {
			isa = XCBuildConfiguration;
			buildSettings = {
				ALWAYS_SEARCH_USER_PATHS = NO;
				ASSETCATALOG_COMPILER_GENERATE_SWIFT_ASSET_SYMBOL_EXTENSIONS = YES;
				CLANG_ANALYZER_NONNULL = YES;
				CLANG_ANALYZER_NUMBER_OBJECT_CONVERSION = YES_AGGRESSIVE;
				CLANG_CXX_LANGUAGE_STANDARD = "gnu++20";
				CLANG_ENABLE_MODULES = YES;
				CLANG_ENABLE_OBJC_ARC = YES;
				CLANG_ENABLE_OBJC_WEAK = YES;
				CLANG_WARN_BLOCK_CAPTURE_AUTORELEASING = YES;
				CLANG_WARN_BOOL_CONVERSION = YES;
				CLANG_WARN_COMMA = YES;
				CLANG_WARN_CONSTANT_CONVERSION = YES;
				CLANG_WARN_DEPRECATED_OBJC_IMPLEMENTATIONS = YES;
				CLANG_WARN_DIRECT_OBJC_ISA_USAGE = YES_ERROR;
				CLANG_WARN_DOCUMENTATION_COMMENTS = YES;
				CLANG_WARN_EMPTY_BODY = YES;
				CLANG_WARN_ENUM_CONVERSION = YES;
				CLANG_WARN_INFINITE_RECURSION = YES;
				CLANG_WARN_INT_CONVERSION = YES;
				CLANG_WARN_NON_LITERAL_NULL_CONVERSION = YES;
				CLANG_WARN_OBJC_IMPLICIT_RETAIN_SELF = YES;
				CLANG_WARN_OBJC_LITERAL_CONVERSION = YES;
				CLANG_WARN_OBJC_ROOT_CLASS = YES_ERROR;
				CLANG_WARN_QUOTED_INCLUDE_IN_FRAMEWORK_HEADER = YES;
				CLANG_WARN_RANGE_LOOP_ANALYSIS = YES;
				CLANG_WARN_STRICT_PROTOTYPES = YES;
				CLANG_WARN_SUSPICIOUS_MOVE = YES;
				CLANG_WARN_UNGUARDED_AVAILABILITY = YES_AGGRESSIVE;
				CLANG_WARN_UNREACHABLE_CODE = YES;
				CLANG_WARN__DUPLICATE_METHOD_MATCH = YES;
				COPY_PHASE_STRIP = NO;
				DEBUG_INFORMATION_FORMAT = dwarf;
				ENABLE_STRICT_OBJC_MSGSEND = YES;
				ENABLE_TESTABILITY = YES;
				ENABLE_USER_SCRIPT_SANDBOXING = YES;
				GCC_C_LANGUAGE_STANDARD = gnu17;
				GCC_DYNAMIC_NO_PIC = NO;
				GCC_NO_COMMON_BLOCKS = YES;
				GCC_OPTIMIZATION_LEVEL = 0;
				GCC_PREPROCESSOR_DEFINITIONS = (
					"DEBUG=1",
					"$(inherited)",
				);
				GCC_WARN_64_TO_32_BIT_CONVERSION = YES;
				GCC_WARN_ABOUT_RETURN_TYPE = YES_ERROR;
				GCC_WARN_UNDECLARED_SELECTOR = YES;
				GCC_WARN_UNINITIALIZED_AUTOS = YES_AGGRESSIVE;
				GCC_WARN_UNUSED_FUNCTION = YES;
				GCC_WARN_UNUSED_VARIABLE = YES;
				IPHONEOS_DEPLOYMENT_TARGET = 17.4;
				LOCALIZATION_PREFERS_STRING_CATALOGS = YES;
				MTL_ENABLE_DEBUG_INFO = INCLUDE_SOURCE;
				MTL_FAST_MATH = YES;
				ONLY_ACTIVE_ARCH = YES;
				SDKROOT = iphoneos;
				SWIFT_ACTIVE_COMPILATION_CONDITIONS = "DEBUG $(inherited)";
				SWIFT_OPTIMIZATION_LEVEL = "-Onone";
			};
			name = Debug;
		};
		524D04C92BE3367E00F16F84 /* Release */ = {
			isa = XCBuildConfiguration;
			buildSettings = {
				ALWAYS_SEARCH_USER_PATHS = NO;
				ASSETCATALOG_COMPILER_GENERATE_SWIFT_ASSET_SYMBOL_EXTENSIONS = YES;
				CLANG_ANALYZER_NONNULL = YES;
				CLANG_ANALYZER_NUMBER_OBJECT_CONVERSION = YES_AGGRESSIVE;
				CLANG_CXX_LANGUAGE_STANDARD = "gnu++20";
				CLANG_ENABLE_MODULES = YES;
				CLANG_ENABLE_OBJC_ARC = YES;
				CLANG_ENABLE_OBJC_WEAK = YES;
				CLANG_WARN_BLOCK_CAPTURE_AUTORELEASING = YES;
				CLANG_WARN_BOOL_CONVERSION = YES;
				CLANG_WARN_COMMA = YES;
				CLANG_WARN_CONSTANT_CONVERSION = YES;
				CLANG_WARN_DEPRECATED_OBJC_IMPLEMENTATIONS = YES;
				CLANG_WARN_DIRECT_OBJC_ISA_USAGE = YES_ERROR;
				CLANG_WARN_DOCUMENTATION_COMMENTS = YES;
				CLANG_WARN_EMPTY_BODY = YES;
				CLANG_WARN_ENUM_CONVERSION = YES;
				CLANG_WARN_INFINITE_RECURSION = YES;
				CLANG_WARN_INT_CONVERSION = YES;
				CLANG_WARN_NON_LITERAL_NULL_CONVERSION = YES;
				CLANG_WARN_OBJC_IMPLICIT_RETAIN_SELF = YES;
				CLANG_WARN_OBJC_LITERAL_CONVERSION = YES;
				CLANG_WARN_OBJC_ROOT_CLASS = YES_ERROR;
				CLANG_WARN_QUOTED_INCLUDE_IN_FRAMEWORK_HEADER = YES;
				CLANG_WARN_RANGE_LOOP_ANALYSIS = YES;
				CLANG_WARN_STRICT_PROTOTYPES = YES;
				CLANG_WARN_SUSPICIOUS_MOVE = YES;
				CLANG_WARN_UNGUARDED_AVAILABILITY = YES_AGGRESSIVE;
				CLANG_WARN_UNREACHABLE_CODE = YES;
				CLANG_WARN__DUPLICATE_METHOD_MATCH = YES;
				COPY_PHASE_STRIP = NO;
				DEBUG_INFORMATION_FORMAT = "dwarf-with-dsym";
				ENABLE_NS_ASSERTIONS = NO;
				ENABLE_STRICT_OBJC_MSGSEND = YES;
				ENABLE_USER_SCRIPT_SANDBOXING = YES;
				GCC_C_LANGUAGE_STANDARD = gnu17;
				GCC_NO_COMMON_BLOCKS = YES;
				GCC_WARN_64_TO_32_BIT_CONVERSION = YES;
				GCC_WARN_ABOUT_RETURN_TYPE = YES_ERROR;
				GCC_WARN_UNDECLARED_SELECTOR = YES;
				GCC_WARN_UNINITIALIZED_AUTOS = YES_AGGRESSIVE;
				GCC_WARN_UNUSED_FUNCTION = YES;
				GCC_WARN_UNUSED_VARIABLE = YES;
				IPHONEOS_DEPLOYMENT_TARGET = 17.4;
				LOCALIZATION_PREFERS_STRING_CATALOGS = YES;
				MTL_ENABLE_DEBUG_INFO = NO;
				MTL_FAST_MATH = YES;
				SDKROOT = iphoneos;
				SWIFT_COMPILATION_MODE = wholemodule;
				VALIDATE_PRODUCT = YES;
			};
			name = Release;
		};
		524D04CB2BE3367E00F16F84 /* Debug */ = {
			isa = XCBuildConfiguration;
			buildSettings = {
				ASSETCATALOG_COMPILER_APPICON_NAME = AppIcon;
				ASSETCATALOG_COMPILER_GLOBAL_ACCENT_COLOR_NAME = AccentColor;
				CODE_SIGN_STYLE = Automatic;
				CURRENT_PROJECT_VERSION = 1;
				DEVELOPMENT_ASSET_PATHS = "\"TeenFinance/Preview Content\"";
				ENABLE_PREVIEWS = YES;
				GENERATE_INFOPLIST_FILE = YES;
				INFOPLIST_KEY_UIApplicationSceneManifest_Generation = YES;
				INFOPLIST_KEY_UIApplicationSupportsIndirectInputEvents = YES;
				INFOPLIST_KEY_UILaunchScreen_Generation = YES;
				INFOPLIST_KEY_UISupportedInterfaceOrientations_iPad = "UIInterfaceOrientationPortrait UIInterfaceOrientationPortraitUpsideDown UIInterfaceOrientationLandscapeLeft UIInterfaceOrientationLandscapeRight";
				INFOPLIST_KEY_UISupportedInterfaceOrientations_iPhone = "UIInterfaceOrientationPortrait UIInterfaceOrientationLandscapeLeft UIInterfaceOrientationLandscapeRight";
				LD_RUNPATH_SEARCH_PATHS = (
					"$(inherited)",
					"@executable_path/Frameworks",
				);
				MARKETING_VERSION = 1.0;
				PRODUCT_BUNDLE_IDENTIFIER = com.dita.TeenFinance;
				PRODUCT_NAME = "$(TARGET_NAME)";
				SWIFT_EMIT_LOC_STRINGS = YES;
				SWIFT_VERSION = 5.0;
				TARGETED_DEVICE_FAMILY = "1,2";
			};
			name = Debug;
		};
		524D04CC2BE3367E00F16F84 /* Release */ = {
			isa = XCBuildConfiguration;
			buildSettings = {
				ASSETCATALOG_COMPILER_APPICON_NAME = AppIcon;
				ASSETCATALOG_COMPILER_GLOBAL_ACCENT_COLOR_NAME = AccentColor;
				CODE_SIGN_STYLE = Automatic;
				CURRENT_PROJECT_VERSION = 1;
				DEVELOPMENT_ASSET_PATHS = "\"TeenFinance/Preview Content\"";
				ENABLE_PREVIEWS = YES;
				GENERATE_INFOPLIST_FILE = YES;
				INFOPLIST_KEY_UIApplicationSceneManifest_Generation = YES;
				INFOPLIST_KEY_UIApplicationSupportsIndirectInputEvents = YES;
				INFOPLIST_KEY_UILaunchScreen_Generation = YES;
				INFOPLIST_KEY_UISupportedInterfaceOrientations_iPad = "UIInterfaceOrientationPortrait UIInterfaceOrientationPortraitUpsideDown UIInterfaceOrientationLandscapeLeft UIInterfaceOrientationLandscapeRight";
				INFOPLIST_KEY_UISupportedInterfaceOrientations_iPhone = "UIInterfaceOrientationPortrait UIInterfaceOrientationLandscapeLeft UIInterfaceOrientationLandscapeRight";
				LD_RUNPATH_SEARCH_PATHS = (
					"$(inherited)",
					"@executable_path/Frameworks",
				);
				MARKETING_VERSION = 1.0;
				PRODUCT_BUNDLE_IDENTIFIER = com.dita.TeenFinance;
				PRODUCT_NAME = "$(TARGET_NAME)";
				SWIFT_EMIT_LOC_STRINGS = YES;
				SWIFT_VERSION = 5.0;
				TARGETED_DEVICE_FAMILY = "1,2";
			};
			name = Release;
		};
/* End XCBuildConfiguration section */

/* Begin XCConfigurationList section */
		524D04B72BE3367D00F16F84 /* Build configuration list for PBXProject "TeenFinance" */ = {
			isa = XCConfigurationList;
			buildConfigurations = (
				524D04C82BE3367E00F16F84 /* Debug */,
				524D04C92BE3367E00F16F84 /* Release */,
			);
			defaultConfigurationIsVisible = 0;
			defaultConfigurationName = Release;
		};
		524D04CA2BE3367E00F16F84 /* Build configuration list for PBXNativeTarget "TeenFinance" */ = {
			isa = XCConfigurationList;
			buildConfigurations = (
				524D04CB2BE3367E00F16F84 /* Debug */,
				524D04CC2BE3367E00F16F84 /* Release */,
			);
			defaultConfigurationIsVisible = 0;
			defaultConfigurationName = Release;
		};
/* End XCConfigurationList section */

/* Begin XCRemoteSwiftPackageReference section */
		524D04D02BE336FC00F16F84 /* XCRemoteSwiftPackageReference "generative-ai-swift" */ = {
			isa = XCRemoteSwiftPackageReference;
			repositoryURL = "https://github.com/google-gemini/generative-ai-swift.git";
			requirement = {
				kind = upToNextMajorVersion;
				minimumVersion = 0.5.1;
			};
		};
		524D04D92BE33EEA00F16F84 /* XCRemoteSwiftPackageReference "firebase-ios-sdk" */ = {
			isa = XCRemoteSwiftPackageReference;
			repositoryURL = "https://github.com/firebase/firebase-ios-sdk.git";
			requirement = {
				kind = upToNextMajorVersion;
				minimumVersion = 10.25.0;
			};
		};
/* End XCRemoteSwiftPackageReference section */

/* Begin XCSwiftPackageProductDependency section */
		524D04D12BE336FC00F16F84 /* GoogleGenerativeAI */ = {
			isa = XCSwiftPackageProductDependency;
			package = 524D04D02BE336FC00F16F84 /* XCRemoteSwiftPackageReference "generative-ai-swift" */;
			productName = GoogleGenerativeAI;
		};
		524D04DA2BE33EEA00F16F84 /* FirebaseRemoteConfig */ = {
			isa = XCSwiftPackageProductDependency;
			package = 524D04D92BE33EEA00F16F84 /* XCRemoteSwiftPackageReference "firebase-ios-sdk" */;
			productName = FirebaseRemoteConfig;
		};
		524D04DC2BE33EEA00F16F84 /* FirebaseRemoteConfigSwift */ = {
			isa = XCSwiftPackageProductDependency;
			package = 524D04D92BE33EEA00F16F84 /* XCRemoteSwiftPackageReference "firebase-ios-sdk" */;
			productName = FirebaseRemoteConfigSwift;
		};
/* End XCSwiftPackageProductDependency section */
	};
	rootObject = 524D04B42BE3367D00F16F84 /* Project object */;
}
